
Microsoft Visual Studio Solution File, Format Version 12.00
# Visual Studio 2012
Project("{FAE04EC0-301F-11D3-BF4B-00C04F79EFBC}") = "TDS340_NET", "TDS340_NET\TDS340_NET.csproj", "{1D9D700E-6F5F-4FA5-888E-20FFA0E32E0E}"
EndProject
Global
	GlobalSection(SolutionConfigurationPlatforms) = preSolution
		Debug|Any CPU = Debug|Any CPU
		Release|Any CPU = Release|Any CPU
	EndGlobalSection
	GlobalSection(ProjectConfigurationPlatforms) = postSolution
		{1D9D700E-6F5F-4FA5-888E-20FFA0E32E0E}.Debug|Any CPU.ActiveCfg = Debug|Any CPU
		{1D9D700E-6F5F-4FA5-888E-20FFA0E32E0E}.Debug|Any CPU.Build.0 = Debug|Any CPU
		{1D9D700E-6F5F-4FA5-888E-20FFA0E32E0E}.Release|Any CPU.ActiveCfg = Release|Any CPU
		{1D9D700E-6F5F-4FA5-888E-20FFA0E32E0E}.Release|Any CPU.Build.0 = Release|Any CPU
	EndGlobalSection
	GlobalSection(SolutionProperties) = preSolution
		HideSolutionNode = FALSE
	EndGlobalSection
EndGlobal
